
Microsoft Visual Studio Solution File, Format Version 12.00
# Visual Studio 15
VisualStudioVersion = 15.0.28010.2003
MinimumVisualStudioVersion = 10.0.40219.1
Project("{FAE04EC0-301F-11D3-BF4B-00C04F79EFBC}") = "tp1", "tp1\tp1.csproj", "{5B9A9980-24F6-4D8C-AB23-5E0DA156328A}"
EndProject
Global
	GlobalSection(SolutionConfigurationPlatforms) = preSolution
		Debug|Any CPU = Debug|Any CPU
		Release|Any CPU = Release|Any CPU
	EndGlobalSection
	GlobalSection(ProjectConfigurationPlatforms) = postSolution
		{5B9A9980-24F6-4D8C-AB23-5E0DA156328A}.Debug|Any CPU.ActiveCfg = Debug|Any CPU
		{5B9A9980-24F6-4D8C-AB23-5E0DA156328A}.Debug|Any CPU.Build.0 = Debug|Any CPU
		{5B9A9980-24F6-4D8C-AB23-5E0DA156328A}.Release|Any CPU.ActiveCfg = Release|Any CPU
		{5B9A9980-24F6-4D8C-AB23-5E0DA156328A}.Release|Any CPU.Build.0 = Release|Any CPU
	EndGlobalSection
	GlobalSection(SolutionProperties) = preSolution
		HideSolutionNode = FALSE
	EndGlobalSection
	GlobalSection(ExtensibilityGlobals) = postSolution
		SolutionGuid = {B9B4F5E5-0A75-4AA3-BF29-A287C51930AB}
	EndGlobalSection
EndGlobal
